hash: 8d07ab1aad05aff65bd73e4ca7a7cc299a19a57d04ddb6f100c7b86e18392e51
updated: 2016-06-01T00:17:04.262047248-04:00
imports:
- name: bitbucket.org/ww/goautoneg
  version: 75cd24fc2f2c
- name: github.com/beorn7/perks
  version: b965b613227fddccbfffe13eae360ed3fa822f8d
  subpackages:
  - quantile
- name: github.com/blang/semver
  version: 31b736133b98f26d5e078ec9eb591666edfd091f
- name: github.com/coreos/go-oidc
  version: 5cf2aa52da8c574d3aa4458f471ad6ae2240fe6b
  subpackages:
  - http
  - jose
  - key
  - oauth2
  - oidc
- name: github.com/coreos/pkg
  version: fa94270d4bac0d8ae5dc6b71894e251aada93f74
  subpackages:
  - capnslog
  - health
  - httputil
  - timeutil
- name: github.com/davecgh/go-spew
  version: 5215b55f46b2b919f50a1df0eaa5886afe4e3b3d
  subpackages:
  - spew
- name: github.com/docker/distribution
  version: cd27f179f2c10c5d300e6d09025b538c475b0d51
  subpackages:
  - digest
  - reference
- name: github.com/docker/docker
  version: 0f5c9d301b9b1cca66b3ea0f9dec3b5317d3686d
  subpackages:
  - pkg/jsonmessage
  - pkg/mount
  - pkg/stdcopy
  - pkg/symlink
  - pkg/term
  - pkg/term/winconsole
  - pkg/timeutils
  - pkg/units
- name: github.com/docker/engine-api
  version: 3d72d392d07bece8d7d7b2a3b6b2e57c2df376a2
  subpackages:
  - client
  - client/transport
  - client/transport/cancellable
  - types
  - types/blkiodev
  - types/container
  - types/filters
  - types/network
  - types/reference
  - types/registry
  - types/strslice
  - types/time
  - types/versions
- name: github.com/docker/go-connections
  version: f549a9393d05688dff0992ef3efd8bbe6c628aeb
  subpackages:
  - nat
  - sockets
  - tlsconfig
- name: github.com/docker/go-units
  version: 0bbddae09c5a5419a8c6dcdd7ff90da3d450393b
- name: github.com/emicklei/go-restful
  version: 7c47e2558a0bbbaba9ecab06bc6681e73028a28a
  subpackages:
  - log
  - swagger
- name: github.com/evanphx/json-patch
  version: 7dd4489c2eb6073e5a9d7746c3274c5b5f0387df
- name: github.com/ghodss/yaml
  version: 73d445a93680fa1a78ae23a5839bad48f32ba1ee
- name: github.com/gogo/protobuf
  version: 82d16f734d6d871204a3feb1a73cb220cc92574c
  subpackages:
  - gogoproto
  - plugin/defaultcheck
  - plugin/description
  - plugin/embedcheck
  - plugin/enumstringer
  - plugin/equal
  - plugin/face
  - plugin/gostring
  - plugin/grpc
  - plugin/marshalto
  - plugin/oneofcheck
  - plugin/populate
  - plugin/size
  - plugin/stringer
  - plugin/testgen
  - plugin/union
  - plugin/unmarshal
  - proto
  - protoc-gen-gogo/descriptor
  - protoc-gen-gogo/generator
  - protoc-gen-gogo/plugin
  - sortkeys
  - vanity
  - vanity/command
- name: github.com/golang/glog
  version: 23def4e6c14b4da8ac2ed8007337bc5eb5007998
- name: github.com/golang/groupcache
  version: 604ed5785183e59ae2789449d89e73f3a2a77987
  subpackages:
  - lru
- name: github.com/golang/protobuf
  version: b982704f8bb716bb608144408cff30e15fbde841
  subpackages:
  - proto
- name: github.com/google/cadvisor
  version: 7ddf6eb5d1f84363fbc181a498313a880b12ba07
  subpackages:
  - api
  - cache/memory
  - collector
  - container
  - container/common
  - container/docker
  - container/libcontainer
  - container/raw
  - container/rkt
  - container/systemd
  - devicemapper
  - events
  - fs
  - healthz
  - http
  - http/mux
  - info/v1
  - info/v1/test
  - info/v2
  - machine
  - manager
  - manager/watcher
  - manager/watcher/raw
  - manager/watcher/rkt
  - metrics
  - pages
  - pages/static
  - storage
  - summary
  - utils
  - utils/cloudinfo
  - utils/cpuload
  - utils/cpuload/netlink
  - utils/docker
  - utils/oomparser
  - utils/sysfs
  - utils/sysinfo
  - utils/tail
  - validate
  - version
- name: github.com/google/gofuzz
  version: bbcb9da2d746f8bdbd6a936686a0a6067ada0ec5
- name: github.com/imdario/mergo
  version: 6633656539c1639d9d78127b7d47c622b5d7b6dc
- name: github.com/inconshreveable/mousetrap
  version: 76626ae9c91c4f2a10f34cad8ce83ea42c93bb75
- name: github.com/jonboulle/clockwork
  version: 3f831b65b61282ba6bece21b91beea2edc4c887a
- name: github.com/juju/ratelimit
  version: 77ed1c8a01217656d2080ad51981f6e99adaa177
- name: github.com/matttproud/golang_protobuf_extensions
  version: fc2b8d3a73c4867e51861bbdd5ae3c1f0869dd6a
  subpackages:
  - pbutil
- name: github.com/opencontainers/runc
  version: 7ca2aa4873aea7cb4265b1726acb24b90d8726c6
  subpackages:
  - libcontainer
  - libcontainer/apparmor
  - libcontainer/cgroups
  - libcontainer/cgroups/fs
  - libcontainer/cgroups/systemd
  - libcontainer/configs
  - libcontainer/configs/validate
  - libcontainer/criurpc
  - libcontainer/label
  - libcontainer/seccomp
  - libcontainer/selinux
  - libcontainer/stacktrace
  - libcontainer/system
  - libcontainer/user
  - libcontainer/utils
- name: github.com/pborman/uuid
  version: ca53cad383cad2479bbba7f7a1a05797ec1386e4
- name: github.com/prometheus/client_golang
  version: 3b78d7a77f51ccbc364d4bc170920153022cfd08
  subpackages:
  - prometheus
- name: github.com/prometheus/client_model
  version: fa8ad6fec33561be4280a8f0514318c79d7f6cb6
  subpackages:
  - go
- name: github.com/prometheus/common
  version: ef7a9a5fb138aa5d3a19988537606226869a0390
  subpackages:
  - expfmt
  - model
- name: github.com/prometheus/procfs
  version: 490cc6eb5fa45bf8a8b7b73c8bc82a8160e8531d
- name: github.com/spf13/cobra
  version: 4c05eb1145f16d0e6bb4a3e1b6d769f4713cb41f
  subpackages:
  - doc
- name: github.com/spf13/pflag
  version: cb88ea77998c3f024757528e3305022ab50b43be
- name: github.com/ugorji/go
  version: f4485b318aadd133842532f841dc205a8e339d74
  subpackages:
  - codec
  - codec/codecgen
- name: golang.org/x/net
  version: c2528b2dd8352441850638a8bb678c2ad056fd3e
  subpackages:
  - context
  - context/ctxhttp
  - html
  - html/atom
  - http2
  - http2/hpack
  - internal/timeseries
  - proxy
  - trace
  - websocket
- name: golang.org/x/oauth2
  version: b5adcc2dcdf009d0391547edc6ecbaff889f5bb9
  subpackages:
  - google
  - internal
  - jws
  - jwt
- name: google.golang.org/appengine
  version: 12d5545dc1cfa6047a286d5e853841b6471f4c19
  subpackages:
  - urlfetch
  - internal
  - internal/urlfetch
  - internal/app_identity
  - internal/modules
  - internal/base
  - internal/datastore
  - internal/log
  - internal/remote_api
- name: google.golang.org/cloud
  version: eb47ba841d53d93506cfbfbc03927daf9cc48f88
  subpackages:
  - compute/metadata
  - internal
- name: gopkg.in/inf.v0
  version: 3887ee99ecf07df5b447e9b00d9c0b2adaa9f3e4
- name: gopkg.in/yaml.v2
  version: a83829b6f1293c91addabc89d0571c246397bbf4
- name: k8s.io/kubernetes
  version: f575c813dab6f5c11e767217d02a113c8d1e8120
  subpackages:
  - pkg/api
  - pkg/client/cache
  - pkg/client/record
  - pkg/client/unversioned
  - pkg/controller/framework
  - pkg/kubectl/cmd/util
  - pkg/runtime
  - pkg/util/wait
  - pkg/util/workqueue
  - pkg/watch
  - pkg/api/meta
  - pkg/api/meta/metatypes
  - pkg/api/resource
  - pkg/api/unversioned
  - pkg/auth/user
  - pkg/conversion
  - pkg/fields
  - pkg/labels
  - pkg/runtime/serializer
  - pkg/types
  - pkg/util
  - pkg/util/intstr
  - pkg/util/rand
  - pkg/util/sets
  - pkg/api/errors
  - pkg/apis/apps
  - pkg/apis/batch
  - pkg/apis/extensions
  - pkg/client/restclient
  - pkg/util/runtime
  - pkg/util/strategicpatch
  - pkg/api/install
  - pkg/apimachinery/registered
  - pkg/apis/apps/install
  - pkg/apis/authentication.k8s.io/install
  - pkg/apis/authorization/install
  - pkg/apis/autoscaling
  - pkg/apis/autoscaling/install
  - pkg/apis/batch/install
  - pkg/apis/batch/v2alpha1
  - pkg/apis/componentconfig/install
  - pkg/apis/extensions/install
  - pkg/apis/policy
  - pkg/apis/policy/install
  - pkg/apis/rbac
  - pkg/apis/rbac/install
  - pkg/client/typed/discovery
  - pkg/util/net
  - pkg/version
  - plugin/pkg/client/auth
  - federation/apis/federation
  - federation/client/clientset_generated/federation_internalclientset
  - pkg/api/service
  - pkg/api/validation
  - pkg/apimachinery
  - pkg/client/unversioned/adapters/internalclientset
  - pkg/client/unversioned/clientcmd
  - pkg/controller
  - pkg/kubectl
  - pkg/kubectl/resource
  - pkg/registry/thirdpartyresourcedata
  - pkg/runtime/serializer/json
  - pkg/util/errors
  - pkg/util/flag
  - pkg/conversion/queryparams
  - pkg/util/json
  - third_party/forked/reflect
  - pkg/util/validation
  - pkg/runtime/serializer/protobuf
  - pkg/runtime/serializer/recognizer
  - pkg/runtime/serializer/versioning
  - pkg/util/validation/field
  - pkg/api/v1
  - pkg/client/metrics
  - pkg/client/transport
  - pkg/client/unversioned/clientcmd/api
  - pkg/runtime/serializer/streaming
  - pkg/util/crypto
  - pkg/util/flowcontrol
  - pkg/watch/versioned
  - third_party/forked/json
  - pkg/apis/apps/v1alpha1
  - pkg/apis/authentication.k8s.io
  - pkg/apis/authentication.k8s.io/v1beta1
  - pkg/apis/authorization
  - pkg/apis/authorization/v1beta1
  - pkg/apis/autoscaling/v1
  - pkg/apis/batch/v1
  - pkg/apis/componentconfig
  - pkg/apis/componentconfig/v1alpha1
  - pkg/apis/extensions/v1beta1
  - pkg/apis/policy/v1alpha1
  - pkg/apis/rbac/v1alpha1
  - plugin/pkg/client/auth/gcp
  - plugin/pkg/client/auth/oidc
  - federation/apis/federation/install
  - federation/client/clientset_generated/federation_internalclientset/typed/core/unversioned
  - federation/client/clientset_generated/federation_internalclientset/typed/federation/unversioned
  - pkg/util/net/sets
  - pkg/api/endpoints
  - pkg/api/pod
  - pkg/api/unversioned/validation
  - pkg/api/util
  - pkg/capabilities
  - pkg/util/yaml
  - pkg/client/clientset_generated/internalclientset
  - pkg/client/clientset_generated/internalclientset/typed/batch/unversioned
  - pkg/client/clientset_generated/internalclientset/typed/core/unversioned
  - pkg/client/clientset_generated/internalclientset/typed/extensions/unversioned
  - pkg/client/unversioned/auth
  - pkg/client/unversioned/clientcmd/api/latest
  - pkg/util/homedir
  - pkg/util/hash
  - pkg/util/integer
  - pkg/api/annotations
  - pkg/credentialprovider
  - pkg/fieldpath
  - pkg/kubelet/qos/util
  - pkg/util/deployment
  - pkg/util/jsonpath
  - pkg/util/slice
  - pkg/api/rest
  - pkg/apis/extensions/validation
  - pkg/registry/generic
  - pkg/util/framer
  - pkg/util/parsers
  - pkg/kubelet/qos
  - pkg/master/ports
  - federation/apis/federation/v1alpha1
  - pkg/client/clientset_generated/internalclientset/typed/autoscaling/unversioned
  - pkg/client/clientset_generated/internalclientset/typed/rbac/unversioned
  - pkg/client/unversioned/clientcmd/api/v1
  - pkg/util/labels
  - pkg/util/pod
  - third_party/golang/template
  - pkg/security/podsecuritypolicy/util
  - pkg/storage
devImports: []
